
Microsoft Visual Studio Solution File, Format Version 12.00
# Visual Studio Version 16
VisualStudioVersion = 16.0.30413.136
MinimumVisualStudioVersion = 10.0.40219.1
Project("{FAE04EC0-301F-11D3-BF4B-00C04F79EFBC}") = "QandA", "QandA.csproj", "{E2B2F9DC-97CC-4421-BA07-07A0653C23D0}"
EndProject
Global
	GlobalSection(SolutionConfigurationPlatforms) = preSolution
		Debug|Any CPU = Debug|Any CPU
		Release|Any CPU = Release|Any CPU
	EndGlobalSection
	GlobalSection(ProjectConfigurationPlatforms) = postSolution
		{E2B2F9DC-97CC-4421-BA07-07A0653C23D0}.Debug|Any CPU.ActiveCfg = Debug|Any CPU
		{E2B2F9DC-97CC-4421-BA07-07A0653C23D0}.Debug|Any CPU.Build.0 = Debug|Any CPU
		{E2B2F9DC-97CC-4421-BA07-07A0653C23D0}.Release|Any CPU.ActiveCfg = Release|Any CPU
		{E2B2F9DC-97CC-4421-BA07-07A0653C23D0}.Release|Any CPU.Build.0 = Release|Any CPU
	EndGlobalSection
	GlobalSection(SolutionProperties) = preSolution
		HideSolutionNode = FALSE
	EndGlobalSection
	GlobalSection(ExtensibilityGlobals) = postSolution
		SolutionGuid = {CEAEBF4D-E0F0-4581-B77D-FF48231AA536}
	EndGlobalSection
EndGlobal
